// !$*UTF8*$!
{
	archiveVersion = 1;
	classes = {
	};
	objectVersion = 50;
	objects = {

/* Begin PBXBuildFile section */
		82B00468E96AC4FFBC584344 /* Pods_FirestoreDemo.framework in Frameworks */ = {isa = PBXBuildFile; fileRef = 50EC9ECB46AA343EC96E2421 /* Pods_FirestoreDemo.framework */; };
		BCE09CDF26C11E8D008DA33C /* GoogleService-Info.plist in Resources */ = {isa = PBXBuildFile; fileRef = BCE09CDE26C11E8D008DA33C /* GoogleService-Info.plist */; };
		BCEA872E26BD4FBB00F992F4 /* AppDelegate.swift in Sources */ = {isa = PBXBuildFile; fileRef = BCEA872D26BD4FBB00F992F4 /* AppDelegate.swift */; };
		BCEA873026BD4FBB00F992F4 /* SceneDelegate.swift in Sources */ = {isa = PBXBuildFile; fileRef = BCEA872F26BD4FBB00F992F4 /* SceneDelegate.swift */; };
		BCEA873226BD4FBC00F992F4 /* ViewController.swift in Sources */ = {isa = PBXBuildFile; fileRef = BCEA873126BD4FBC00F992F4 /* ViewController.swift */; };
		BCEA873526BD4FBC00F992F4 /* Main.storyboard in Resources */ = {isa = PBXBuildFile; fileRef = BCEA873326BD4FBC00F992F4 /* Main.storyboard */; };
		BCEA873726BD4FC100F992F4 /* Assets.xcassets in Resources */ = {isa = PBXBuildFile; fileRef = BCEA873626BD4FC100F992F4 /* Assets.xcassets */; };
		BCEA873A26BD4FC200F992F4 /* LaunchScreen.storyboard in Resources */ = {isa = PBXBuildFile; fileRef = BCEA873826BD4FC200F992F4 /* LaunchScreen.storyboard */; };
/* End PBXBuildFile section */

/* Begin PBXFileReference section */
		50EC9ECB46AA343EC96E2421 /* Pods_FirestoreDemo.framework */ = {isa = PBXFileReference; explicitFileType = wrapper.framework; includeInIndex = 0; path = Pods_FirestoreDemo.framework; sourceTree = BUILT_PRODUCTS_DIR; };
		93A377145A3104534F3D3842 /* Pods-FirestoreDemo.release.xcconfig */ = {isa = PBXFileReference; includeInIndex = 1; lastKnownFileType = text.xcconfig; name = "Pods-FirestoreDemo.release.xcconfig"; path = "Target Support Files/Pods-FirestoreDemo/Pods-FirestoreDemo.release.xcconfig"; sourceTree = "<group>"; };
		BCE09CDE26C11E8D008DA33C /* GoogleService-Info.plist */ = {isa = PBXFileReference; fileEncoding = 4; lastKnownFileType = text.plist.xml; name = "GoogleService-Info.plist"; path = "../../../../../../../Users/grzegorzlib/Downloads/GoogleService-Info.plist"; sourceTree = "<group>"; };
		BCEA872A26BD4FBA00F992F4 /* FirestoreDemo.app */ = {isa = PBXFileReference; explicitFileType = wrapper.application; includeInIndex = 0; path = FirestoreDemo.app; sourceTree = BUILT_PRODUCTS_DIR; };
		BCEA872D26BD4FBB00F992F4 /* AppDelegate.swift */ = {isa = PBXFileReference; lastKnownFileType = sourcecode.swift; path = AppDelegate.swift; sourceTree = "<group>"; };
		BCEA872F26BD4FBB00F992F4 /* SceneDelegate.swift */ = {isa = PBXFileReference; lastKnownFileType = sourcecode.swift; path = SceneDelegate.swift; sourceTree = "<group>"; };
		BCEA873126BD4FBC00F992F4 /* ViewController.swift */ = {isa = PBXFileReference; lastKnownFileType = sourcecode.swift; path = ViewController.swift; sourceTree = "<group>"; };
		BCEA873426BD4FBC00F992F4 /* Base */ = {isa = PBXFileReference; lastKnownFileType = file.storyboard; name = Base; path = Base.lproj/Main.storyboard; sourceTree = "<group>"; };
		BCEA873626BD4FC100F992F4 /* Assets.xcassets */ = {isa = PBXFileReference; lastKnownFileType = folder.assetcatalog; path = Assets.xcassets; sourceTree = "<group>"; };
		BCEA873926BD4FC200F992F4 /* Base */ = {isa = PBXFileReference; lastKnownFileType = file.storyboard; name = Base; path = Base.lproj/LaunchScreen.storyboard; sourceTree = "<group>"; };
		BCEA873B26BD4FC200F992F4 /* Info.plist */ = {isa = PBXFileReference; lastKnownFileType = text.plist.xml; path = Info.plist; sourceTree = "<group>"; };
		BEFC5EE7851916868EBF579C /* Pods-FirestoreDemo.debug.xcconfig */ = {isa = PBXFileReference; includeInIndex = 1; lastKnownFileType = text.xcconfig; name = "Pods-FirestoreDemo.debug.xcconfig"; path = "Target Support Files/Pods-FirestoreDemo/Pods-FirestoreDemo.debug.xcconfig"; sourceTree = "<group>"; };
/* End PBXFileReference section */

/* Begin PBXFrameworksBuildPhase section */
		BCEA872726BD4FBA00F992F4 /* Frameworks */ = {
			isa = PBXFrameworksBuildPhase;
			buildActionMask = 2147483647;
			files = (
				82B00468E96AC4FFBC584344 /* Pods_FirestoreDemo.framework in Frameworks */,
			);
			runOnlyForDeploymentPostprocessing = 0;
		};
/* End PBXFrameworksBuildPhase section */

/* Begin PBXGroup section */
		4D17007A7D3100AFEE9A20CE /* Pods */ = {
			isa = PBXGroup;
			children = (
				BEFC5EE7851916868EBF579C /* Pods-FirestoreDemo.debug.xcconfig */,
				93A377145A3104534F3D3842 /* Pods-FirestoreDemo.release.xcconfig */,
			);
			name = Pods;
			path = Pods;
			sourceTree = "<group>";
		};
		9EC0145DC78DEB13CAB2AC10 /* Frameworks */ = {
			isa = PBXGroup;
			children = (
				50EC9ECB46AA343EC96E2421 /* Pods_FirestoreDemo.framework */,
			);
			name = Frameworks;
			sourceTree = "<group>";
		};
		BCEA872126BD4FBA00F992F4 = {
			isa = PBXGroup;
			children = (
				BCEA872C26BD4FBA00F992F4 /* FirestoreDemo */,
				BCEA872B26BD4FBA00F992F4 /* Products */,
				4D17007A7D3100AFEE9A20CE /* Pods */,
				9EC0145DC78DEB13CAB2AC10 /* Frameworks */,
			);
			sourceTree = "<group>";
		};
		BCEA872B26BD4FBA00F992F4 /* Products */ = {
			isa = PBXGroup;
			children = (
				BCEA872A26BD4FBA00F992F4 /* FirestoreDemo.app */,
			);
			name = Products;
			sourceTree = "<group>";
		};
		BCEA872C26BD4FBA00F992F4 /* FirestoreDemo */ = {
			isa = PBXGroup;
			children = (
				BCEA872D26BD4FBB00F992F4 /* AppDelegate.swift */,
				BCEA872F26BD4FBB00F992F4 /* SceneDelegate.swift */,
				BCEA873126BD4FBC00F992F4 /* ViewController.swift */,
				BCEA873326BD4FBC00F992F4 /* Main.storyboard */,
				BCEA873626BD4FC100F992F4 /* Assets.xcassets */,
				BCEA873826BD4FC200F992F4 /* LaunchScreen.storyboard */,
				BCE09CDE26C11E8D008DA33C /* GoogleService-Info.plist */,
				BCEA873B26BD4FC200F992F4 /* Info.plist */,
			);
			path = FirestoreDemo;
			sourceTree = "<group>";
		};
/* End PBXGroup section */

/* Begin PBXNativeTarget section */
		BCEA872926BD4FBA00F992F4 /* FirestoreDemo */ = {
			isa = PBXNativeTarget;
			buildConfigurationList = BCEA873E26BD4FC200F992F4 /* Build configuration list for PBXNativeTarget "FirestoreDemo" */;
			buildPhases = (
				39D930AA4A140C6F205A7D49 /* [CP] Check Pods Manifest.lock */,
				BCEA872626BD4FBA00F992F4 /* Sources */,
				BCEA872726BD4FBA00F992F4 /* Frameworks */,
				BCEA872826BD4FBA00F992F4 /* Resources */,
				C1E83A22313582867D2DB6A7 /* [CP] Embed Pods Frameworks */,
			);
			buildRules = (
			);
			dependencies = (
			);
			name = FirestoreDemo;
			productName = FirestoreDemo;
			productReference = BCEA872A26BD4FBA00F992F4 /* FirestoreDemo.app */;
			productType = "com.apple.product-type.application";
		};
/* End PBXNativeTarget section */

/* Begin PBXProject section */
		BCEA872226BD4FBA00F992F4 /* Project object */ = {
			isa = PBXProject;
			attributes = {
				LastSwiftUpdateCheck = 1250;
				LastUpgradeCheck = 1250;
				TargetAttributes = {
					BCEA872926BD4FBA00F992F4 = {
						CreatedOnToolsVersion = 12.5;
					};
				};
			};
			buildConfigurationList = BCEA872526BD4FBA00F992F4 /* Build configuration list for PBXProject "FirestoreDemo" */;
			compatibilityVersion = "Xcode 9.3";
			developmentRegion = en;
			hasScannedForEncodings = 0;
			knownRegions = (
				en,
				Base,
			);
			mainGroup = BCEA872126BD4FBA00F992F4;
			productRefGroup = BCEA872B26BD4FBA00F992F4 /* Products */;
			projectDirPath = "";
			projectRoot = "";
			targets = (
				BCEA872926BD4FBA00F992F4 /* FirestoreDemo */,
			);
		};
/* End PBXProject section */

/* Begin PBXResourcesBuildPhase section */
		BCEA872826BD4FBA00F992F4 /* Resources */ = {
			isa = PBXResourcesBuildPhase;
			buildActionMask = 2147483647;
			files = (
				BCEA873A26BD4FC200F992F4 /* LaunchScreen.storyboard in Resources */,
				BCE09CDF26C11E8D008DA33C /* GoogleService-Info.plist in Resources */,
				BCEA873726BD4FC100F992F4 /* Assets.xcassets in Resources */,
				BCEA873526BD4FBC00F992F4 /* Main.storyboard in Resources */,
			);
			runOnlyForDeploymentPostprocessing = 0;
		};
/* End PBXResourcesBuildPhase section */

/* Begin PBXShellScriptBuildPhase section */
		39D930AA4A140C6F205A7D49 /* [CP] Check Pods Manifest.lock */ = {
			isa = PBXShellScriptBuildPhase;
			buildActionMask = 2147483647;
			files = (
			);
			inputFileListPaths = (
			);
			inputPaths = (
				"${PODS_PODFILE_DIR_PATH}/Podfile.lock",
				"${PODS_ROOT}/Manifest.lock",
			);
			name = "[CP] Check Pods Manifest.lock";
			outputFileListPaths = (
			);
			outputPaths = (
				"$(DERIVED_FILE_DIR)/Pods-FirestoreDemo-checkManifestLockResult.txt",
			);
			runOnlyForDeploymentPostprocessing = 0;
			shellPath = /bin/sh;
			shellScript = "diff \"${PODS_PODFILE_DIR_PATH}/Podfile.lock\" \"${PODS_ROOT}/Manifest.lock\" > /dev/null\nif [ $? != 0 ] ; then\n    # print error to STDERR\n    echo \"error: The sandbox is not in sync with the Podfile.lock. Run 'pod install' or update your CocoaPods installation.\" >&2\n    exit 1\nfi\n# This output is used by Xcode 'outputs' to avoid re-running this script phase.\necho \"SUCCESS\" > \"${SCRIPT_OUTPUT_FILE_0}\"\n";
			showEnvVarsInLog = 0;
		};
		C1E83A22313582867D2DB6A7 /* [CP] Embed Pods Frameworks */ = {
			isa = PBXShellScriptBuildPhase;
			buildActionMask = 2147483647;
			files = (
			);
			inputFileListPaths = (
				"${PODS_ROOT}/Target Support Files/Pods-FirestoreDemo/Pods-FirestoreDemo-frameworks-${CONFIGURATION}-input-files.xcfilelist",
			);
			name = "[CP] Embed Pods Frameworks";
			outputFileListPaths = (
				"${PODS_ROOT}/Target Support Files/Pods-FirestoreDemo/Pods-FirestoreDemo-frameworks-${CONFIGURATION}-output-files.xcfilelist",
			);
			runOnlyForDeploymentPostprocessing = 0;
			shellPath = /bin/sh;
			shellScript = "\"${PODS_ROOT}/Target Support Files/Pods-FirestoreDemo/Pods-FirestoreDemo-frameworks.sh\"\n";
			showEnvVarsInLog = 0;
		};
/* End PBXShellScriptBuildPhase section */

/* Begin PBXSourcesBuildPhase section */
		BCEA872626BD4FBA00F992F4 /* Sources */ = {
			isa = PBXSourcesBuildPhase;
			buildActionMask = 2147483647;
			files = (
				BCEA873226BD4FBC00F992F4 /* ViewController.swift in Sources */,
				BCEA872E26BD4FBB00F992F4 /* AppDelegate.swift in Sources */,
				BCEA873026BD4FBB00F992F4 /* SceneDelegate.swift in Sources */,
			);
			runOnlyForDeploymentPostprocessing = 0;
		};
/* End PBXSourcesBuildPhase section */

/* Begin PBXVariantGroup section */
		BCEA873326BD4FBC00F992F4 /* Main.storyboard */ = {
			isa = PBXVariantGroup;
			children = (
				BCEA873426BD4FBC00F992F4 /* Base */,
			);
			name = Main.storyboard;
			sourceTree = "<group>";
		};
		BCEA873826BD4FC200F992F4 /* LaunchScreen.storyboard */ = {
			isa = PBXVariantGroup;
			children = (
				BCEA873926BD4FC200F992F4 /* Base */,
			);
			name = LaunchScreen.storyboard;
			sourceTree = "<group>";
		};
/* End PBXVariantGroup section */

/* Begin XCBuildConfiguration section */
		BCEA873C26BD4FC200F992F4 /* Debug */ = {
			isa = XCBuildConfiguration;
			buildSettings = {
				ALWAYS_SEARCH_USER_PATHS = NO;
				CLANG_ANALYZER_NONNULL = YES;
				CLANG_ANALYZER_NUMBER_OBJECT_CONVERSION = YES_AGGRESSIVE;
				CLANG_CXX_LANGUAGE_STANDARD = "gnu++14";
				CLANG_CXX_LIBRARY = "libc++";
				CLANG_ENABLE_MODULES = YES;
				CLANG_ENABLE_OBJC_ARC = YES;
				CLANG_ENABLE_OBJC_WEAK = YES;
				CLANG_WARN_BLOCK_CAPTURE_AUTORELEASING = YES;
				CLANG_WARN_BOOL_CONVERSION = YES;
				CLANG_WARN_COMMA = YES;
				CLANG_WARN_CONSTANT_CONVERSION = YES;
				CLANG_WARN_DEPRECATED_OBJC_IMPLEMENTATIONS = YES;
				CLANG_WARN_DIRECT_OBJC_ISA_USAGE = YES_ERROR;
				CLANG_WARN_DOCUMENTATION_COMMENTS = YES;
				CLANG_WARN_EMPTY_BODY = YES;
				CLANG_WARN_ENUM_CONVERSION = YES;
				CLANG_WARN_INFINITE_RECURSION = YES;
				CLANG_WARN_INT_CONVERSION = YES;
				CLANG_WARN_NON_LITERAL_NULL_CONVERSION = YES;
				CLANG_WARN_OBJC_IMPLICIT_RETAIN_SELF = YES;
				CLANG_WARN_OBJC_LITERAL_CONVERSION = YES;
				CLANG_WARN_OBJC_ROOT_CLASS = YES_ERROR;
				CLANG_WARN_QUOTED_INCLUDE_IN_FRAMEWORK_HEADER = YES;
				CLANG_WARN_RANGE_LOOP_ANALYSIS = YES;
				CLANG_WARN_STRICT_PROTOTYPES = YES;
				CLANG_WARN_SUSPICIOUS_MOVE = YES;
				CLANG_WARN_UNGUARDED_AVAILABILITY = YES_AGGRESSIVE;
				CLANG_WARN_UNREACHABLE_CODE = YES;
				CLANG_WARN__DUPLICATE_METHOD_MATCH = YES;
				COPY_PHASE_STRIP = NO;
				DEBUG_INFORMATION_FORMAT = dwarf;
				ENABLE_STRICT_OBJC_MSGSEND = YES;
				ENABLE_TESTABILITY = YES;
				GCC_C_LANGUAGE_STANDARD = gnu11;
				GCC_DYNAMIC_NO_PIC = NO;
				GCC_NO_COMMON_BLOCKS = YES;
				GCC_OPTIMIZATION_LEVEL = 0;
				GCC_PREPROCESSOR_DEFINITIONS = (
					"DEBUG=1",
					"$(inherited)",
				);
				GCC_WARN_64_TO_32_BIT_CONVERSION = YES;
				GCC_WARN_ABOUT_RETURN_TYPE = YES_ERROR;
				GCC_WARN_UNDECLARED_SELECTOR = YES;
				GCC_WARN_UNINITIALIZED_AUTOS = YES_AGGRESSIVE;
				GCC_WARN_UNUSED_FUNCTION = YES;
				GCC_WARN_UNUSED_VARIABLE = YES;
				IPHONEOS_DEPLOYMENT_TARGET = 14.5;
				MTL_ENABLE_DEBUG_INFO = INCLUDE_SOURCE;
				MTL_FAST_MATH = YES;
				ONLY_ACTIVE_ARCH = YES;
				SDKROOT = iphoneos;
				SWIFT_ACTIVE_COMPILATION_CONDITIONS = DEBUG;
				SWIFT_OPTIMIZATION_LEVEL = "-Onone";
			};
			name = Debug;
		};
		BCEA873D26BD4FC200F992F4 /* Release */ = {
			isa = XCBuildConfiguration;
			buildSettings = {
				ALWAYS_SEARCH_USER_PATHS = NO;
				CLANG_ANALYZER_NONNULL = YES;
				CLANG_ANALYZER_NUMBER_OBJECT_CONVERSION = YES_AGGRESSIVE;
				CLANG_CXX_LANGUAGE_STANDARD = "gnu++14";
				CLANG_CXX_LIBRARY = "libc++";
				CLANG_ENABLE_MODULES = YES;
				CLANG_ENABLE_OBJC_ARC = YES;
				CLANG_ENABLE_OBJC_WEAK = YES;
				CLANG_WARN_BLOCK_CAPTURE_AUTORELEASING = YES;
				CLANG_WARN_BOOL_CONVERSION = YES;
				CLANG_WARN_COMMA = YES;
				CLANG_WARN_CONSTANT_CONVERSION = YES;
				CLANG_WARN_DEPRECATED_OBJC_IMPLEMENTATIONS = YES;
				CLANG_WARN_DIRECT_OBJC_ISA_USAGE = YES_ERROR;
				CLANG_WARN_DOCUMENTATION_COMMENTS = YES;
				CLANG_WARN_EMPTY_BODY = YES;
				CLANG_WARN_ENUM_CONVERSION = YES;
				CLANG_WARN_INFINITE_RECURSION = YES;
				CLANG_WARN_INT_CONVERSION = YES;
				CLANG_WARN_NON_LITERAL_NULL_CONVERSION = YES;
				CLANG_WARN_OBJC_IMPLICIT_RETAIN_SELF = YES;
				CLANG_WARN_OBJC_LITERAL_CONVERSION = YES;
				CLANG_WARN_OBJC_ROOT_CLASS = YES_ERROR;
				CLANG_WARN_QUOTED_INCLUDE_IN_FRAMEWORK_HEADER = YES;
				CLANG_WARN_RANGE_LOOP_ANALYSIS = YES;
				CLANG_WARN_STRICT_PROTOTYPES = YES;
				CLANG_WARN_SUSPICIOUS_MOVE = YES;
				CLANG_WARN_UNGUARDED_AVAILABILITY = YES_AGGRESSIVE;
				CLANG_WARN_UNREACHABLE_CODE = YES;
				CLANG_WARN__DUPLICATE_METHOD_MATCH = YES;
				COPY_PHASE_STRIP = NO;
				DEBUG_INFORMATION_FORMAT = "dwarf-with-dsym";
				ENABLE_NS_ASSERTIONS = NO;
				ENABLE_STRICT_OBJC_MSGSEND = YES;
				GCC_C_LANGUAGE_STANDARD = gnu11;
				GCC_NO_COMMON_BLOCKS = YES;
				GCC_WARN_64_TO_32_BIT_CONVERSION = YES;
				GCC_WARN_ABOUT_RETURN_TYPE = YES_ERROR;
				GCC_WARN_UNDECLARED_SELECTOR = YES;
				GCC_WARN_UNINITIALIZED_AUTOS = YES_AGGRESSIVE;
				GCC_WARN_UNUSED_FUNCTION = YES;
				GCC_WARN_UNUSED_VARIABLE = YES;
				IPHONEOS_DEPLOYMENT_TARGET = 14.5;
				MTL_ENABLE_DEBUG_INFO = NO;
				MTL_FAST_MATH = YES;
				SDKROOT = iphoneos;
				SWIFT_COMPILATION_MODE = wholemodule;
				SWIFT_OPTIMIZATION_LEVEL = "-O";
				VALIDATE_PRODUCT = YES;
			};
			name = Release;
		};
		BCEA873F26BD4FC200F992F4 /* Debug */ = {
			isa = XCBuildConfiguration;
			baseConfigurationReference = BEFC5EE7851916868EBF579C /* Pods-FirestoreDemo.debug.xcconfig */;
			buildSettings = {
				ASSETCATALOG_COMPILER_APPICON_NAME = AppIcon;
				ASSETCATALOG_COMPILER_GLOBAL_ACCENT_COLOR_NAME = AccentColor;
				CODE_SIGN_STYLE = Automatic;
				DEVELOPMENT_TEAM = RC88BG6768;
				INFOPLIST_FILE = FirestoreDemo/Info.plist;
				LD_RUNPATH_SEARCH_PATHS = (
					"$(inherited)",
					"@executable_path/Frameworks",
				);
				PRODUCT_BUNDLE_IDENTIFIER = com.panabobomix.FirestoreDemo;
				PRODUCT_NAME = "$(TARGET_NAME)";
				SWIFT_VERSION = 5.0;
				TARGETED_DEVICE_FAMILY = "1,2";
			};
			name = Debug;
		};
		BCEA874026BD4FC200F992F4 /* Release */ = {
			isa = XCBuildConfiguration;
			baseConfigurationReference = 93A377145A3104534F3D3842 /* Pods-FirestoreDemo.release.xcconfig */;
			buildSettings = {
				ASSETCATALOG_COMPILER_APPICON_NAME = AppIcon;
				ASSETCATALOG_COMPILER_GLOBAL_ACCENT_COLOR_NAME = AccentColor;
				CODE_SIGN_STYLE = Automatic;
				DEVELOPMENT_TEAM = RC88BG6768;
				INFOPLIST_FILE = FirestoreDemo/Info.plist;
				LD_RUNPATH_SEARCH_PATHS = (
					"$(inherited)",
					"@executable_path/Frameworks",
				);
				PRODUCT_BUNDLE_IDENTIFIER = com.panabobomix.FirestoreDemo;
				PRODUCT_NAME = "$(TARGET_NAME)";
				SWIFT_VERSION = 5.0;
				TARGETED_DEVICE_FAMILY = "1,2";
			};
			name = Release;
		};
/* End XCBuildConfiguration section */

/* Begin XCConfigurationList section */
		BCEA872526BD4FBA00F992F4 /* Build configuration list for PBXProject "FirestoreDemo" */ = {
			isa = XCConfigurationList;
			buildConfigurations = (
				BCEA873C26BD4FC200F992F4 /* Debug */,
				BCEA873D26BD4FC200F992F4 /* Release */,
			);
			defaultConfigurationIsVisible = 0;
			defaultConfigurationName = Release;
		};
		BCEA873E26BD4FC200F992F4 /* Build configuration list for PBXNativeTarget "FirestoreDemo" */ = {
			isa = XCConfigurationList;
			buildConfigurations = (
				BCEA873F26BD4FC200F992F4 /* Debug */,
				BCEA874026BD4FC200F992F4 /* Release */,
			);
			defaultConfigurationIsVisible = 0;
			defaultConfigurationName = Release;
		};
/* End XCConfigurationList section */
	};
	rootObject = BCEA872226BD4FBA00F992F4 /* Project object */;
}
